{
  "name": "module-user-focused-data",
  "version": "1.0.0",
  "lockfileVersion": 3,
  "requires": true,
  "packages": {
    "": {
      "name": "module-user-focused-data",
      "version": "1.0.0",
      "license": "ISC",
      "dependencies": {
        "batch-issue-cloner": "^1.0.0"
      }
    },
    "node_modules/batch-issue-cloner": {
      "version": "1.0.0",
      "resolved": "https://registry.npmjs.org/batch-issue-cloner/-/batch-issue-cloner-1.0.0.tgz",
      "integrity": "sha512-NFsVCwA70//y7jARABhscMQI4RilkOqsmuCaWLCetJ+9DSvPfUV2nOmHh6IHbsMlqvzmy/rat1ztGCCcYUoLhw==",
      "bin": {
        "bic": "index.js"
      }
    }
  }
}
